
Microsoft Visual Studio Solution File, Format Version 12.00
# Visual Studio Version 17
VisualStudioVersion = 17.4.33122.133
MinimumVisualStudioVersion = 10.0.40219.1
Project("{FAE04EC0-301F-11D3-BF4B-00C04F79EFBC}") = "MyBookLibrary", "MyBookLibrary.csproj", "{7CF9458B-B1CA-4762-818B-84727662CDDB}"
EndProject
Project("{FAE04EC0-301F-11D3-BF4B-00C04F79EFBC}") = "fn-mybooklibrary", "..\fn-mybooklibrary\fn-mybooklibrary.csproj", "{205D4CCB-3E8B-4FAA-8759-A085B5C9DD8A}"
EndProject
Project("{2150E333-8FDC-42A3-9474-1A3956D46DE8}") = "Functions", "Functions", "{43F6DEAF-D4D8-4B11-96EB-E7D70B2A6DFC}"
EndProject
Project("{2150E333-8FDC-42A3-9474-1A3956D46DE8}") = "App", "App", "{806BA101-0FF5-4032-A298-1997EC508BD7}"
EndProject
Project("{2150E333-8FDC-42A3-9474-1A3956D46DE8}") = "Common", "Common", "{091098D4-2624-456C-B955-612DDCE2E95D}"
EndProject
Project("{FAE04EC0-301F-11D3-BF4B-00C04F79EFBC}") = "Common", "..\Common\Common.csproj", "{EF2BAE07-EE45-48B8-862C-CB302B58F832}"
EndProject
Project("{2150E333-8FDC-42A3-9474-1A3956D46DE8}") = "Tests", "Tests", "{5C0C5BF6-B7E2-431A-9618-006EC9ED1F78}"
EndProject
Project("{FAE04EC0-301F-11D3-BF4B-00C04F79EFBC}") = "Tests", "..\Tests\Tests.csproj", "{39CD9581-4535-48B6-93CB-8EF90AAF984C}"
EndProject
Global
	GlobalSection(SolutionConfigurationPlatforms) = preSolution
		Debug|Any CPU = Debug|Any CPU
		Release|Any CPU = Release|Any CPU
	EndGlobalSection
	GlobalSection(ProjectConfigurationPlatforms) = postSolution
		{7CF9458B-B1CA-4762-818B-84727662CDDB}.Debug|Any CPU.ActiveCfg = Debug|Any CPU
		{7CF9458B-B1CA-4762-818B-84727662CDDB}.Debug|Any CPU.Build.0 = Debug|Any CPU
		{7CF9458B-B1CA-4762-818B-84727662CDDB}.Release|Any CPU.ActiveCfg = Release|Any CPU
		{7CF9458B-B1CA-4762-818B-84727662CDDB}.Release|Any CPU.Build.0 = Release|Any CPU
		{205D4CCB-3E8B-4FAA-8759-A085B5C9DD8A}.Debug|Any CPU.ActiveCfg = Debug|Any CPU
		{205D4CCB-3E8B-4FAA-8759-A085B5C9DD8A}.Debug|Any CPU.Build.0 = Debug|Any CPU
		{205D4CCB-3E8B-4FAA-8759-A085B5C9DD8A}.Release|Any CPU.ActiveCfg = Release|Any CPU
		{205D4CCB-3E8B-4FAA-8759-A085B5C9DD8A}.Release|Any CPU.Build.0 = Release|Any CPU
		{EF2BAE07-EE45-48B8-862C-CB302B58F832}.Debug|Any CPU.ActiveCfg = Debug|Any CPU
		{EF2BAE07-EE45-48B8-862C-CB302B58F832}.Debug|Any CPU.Build.0 = Debug|Any CPU
		{EF2BAE07-EE45-48B8-862C-CB302B58F832}.Release|Any CPU.ActiveCfg = Release|Any CPU
		{EF2BAE07-EE45-48B8-862C-CB302B58F832}.Release|Any CPU.Build.0 = Release|Any CPU
		{39CD9581-4535-48B6-93CB-8EF90AAF984C}.Debug|Any CPU.ActiveCfg = Debug|Any CPU
		{39CD9581-4535-48B6-93CB-8EF90AAF984C}.Debug|Any CPU.Build.0 = Debug|Any CPU
		{39CD9581-4535-48B6-93CB-8EF90AAF984C}.Release|Any CPU.ActiveCfg = Release|Any CPU
		{39CD9581-4535-48B6-93CB-8EF90AAF984C}.Release|Any CPU.Build.0 = Release|Any CPU
	EndGlobalSection
	GlobalSection(SolutionProperties) = preSolution
		HideSolutionNode = FALSE
	EndGlobalSection
	GlobalSection(NestedProjects) = preSolution
		{7CF9458B-B1CA-4762-818B-84727662CDDB} = {806BA101-0FF5-4032-A298-1997EC508BD7}
		{205D4CCB-3E8B-4FAA-8759-A085B5C9DD8A} = {43F6DEAF-D4D8-4B11-96EB-E7D70B2A6DFC}
		{EF2BAE07-EE45-48B8-862C-CB302B58F832} = {091098D4-2624-456C-B955-612DDCE2E95D}
		{39CD9581-4535-48B6-93CB-8EF90AAF984C} = {5C0C5BF6-B7E2-431A-9618-006EC9ED1F78}
	EndGlobalSection
	GlobalSection(ExtensibilityGlobals) = postSolution
		SolutionGuid = {D426FC96-6AA4-4247-8214-2DDEB0F2EA4C}
	EndGlobalSection
EndGlobal
